
Microsoft Visual Studio Solution File, Format Version 12.00
# Visual Studio Version 16
VisualStudioVersion = 16.0.33423.256
MinimumVisualStudioVersion = 10.0.40219.1
Project("{9A19103F-16F7-4668-BE54-9A1E7A4F7556}") = "TFAF52_HFT_2022232.Client", "TFAF52_HFT_2022232.Client\TFAF52_HFT_2022232.Client.csproj", "{1451C979-2F1E-4274-9F67-2BB50B9F8897}"
EndProject
Project("{9A19103F-16F7-4668-BE54-9A1E7A4F7556}") = "TFAF52_HFT_2022232.Models", "TFAF52_HFT_2022232.Models\TFAF52_HFT_2022232.Models.csproj", "{8B52CE8B-5E99-4BB2-9166-63ED2F1803D5}"
EndProject
Project("{9A19103F-16F7-4668-BE54-9A1E7A4F7556}") = "TFAF52_HFT_2022232.Logic", "TFAF52_HFT_2022232.Logic\TFAF52_HFT_2022232.Logic.csproj", "{17F1085F-35AB-4CD0-94B8-EA14C64399EA}"
EndProject
Project("{9A19103F-16F7-4668-BE54-9A1E7A4F7556}") = "TFAF52_HFT_2022232.Repository", "TFAF52_HFT_2022232.Repository\TFAF52_HFT_2022232.Repository.csproj", "{799650A3-B4C4-4D66-B533-48318DA8171D}"
EndProject
Project("{9A19103F-16F7-4668-BE54-9A1E7A4F7556}") = "TFAF52_HFT_2022232.Test", "TFAF52_HFT_2022232.Test\TFAF52_HFT_2022232.Test.csproj", "{3B08CCC9-F589-4BDF-BC44-15B457B910AE}"
EndProject
Project("{2150E333-8FDC-42A3-9474-1A3956D46DE8}") = "Frontend", "Frontend", "{030477FA-CAE0-493F-B3C2-F7C2C547B8A0}"
EndProject
Project("{2150E333-8FDC-42A3-9474-1A3956D46DE8}") = "Backend", "Backend", "{04275AE6-B436-417F-BA79-F6153FED8E5A}"
EndProject
Project("{2150E333-8FDC-42A3-9474-1A3956D46DE8}") = "Shared", "Shared", "{0D322C5F-6F84-42C4-8C5C-F4CE16E31B45}"
EndProject
Project("{FAE04EC0-301F-11D3-BF4B-00C04F79EFBC}") = "TFAF52_HFT_2022232.Endpoint", "TFAF52_HFT_2022232.Endpoint\TFAF52_HFT_2022232.Endpoint.csproj", "{BA5BF3A5-E879-45A2-9F6D-EF823C1A5D44}"
EndProject
Global
	GlobalSection(SolutionConfigurationPlatforms) = preSolution
		Debug|Any CPU = Debug|Any CPU
		Release|Any CPU = Release|Any CPU
	EndGlobalSection
	GlobalSection(ProjectConfigurationPlatforms) = postSolution
		{1451C979-2F1E-4274-9F67-2BB50B9F8897}.Debug|Any CPU.ActiveCfg = Debug|Any CPU
		{1451C979-2F1E-4274-9F67-2BB50B9F8897}.Debug|Any CPU.Build.0 = Debug|Any CPU
		{1451C979-2F1E-4274-9F67-2BB50B9F8897}.Release|Any CPU.ActiveCfg = Release|Any CPU
		{1451C979-2F1E-4274-9F67-2BB50B9F8897}.Release|Any CPU.Build.0 = Release|Any CPU
		{8B52CE8B-5E99-4BB2-9166-63ED2F1803D5}.Debug|Any CPU.ActiveCfg = Debug|Any CPU
		{8B52CE8B-5E99-4BB2-9166-63ED2F1803D5}.Debug|Any CPU.Build.0 = Debug|Any CPU
		{8B52CE8B-5E99-4BB2-9166-63ED2F1803D5}.Release|Any CPU.ActiveCfg = Release|Any CPU
		{8B52CE8B-5E99-4BB2-9166-63ED2F1803D5}.Release|Any CPU.Build.0 = Release|Any CPU
		{17F1085F-35AB-4CD0-94B8-EA14C64399EA}.Debug|Any CPU.ActiveCfg = Debug|Any CPU
		{17F1085F-35AB-4CD0-94B8-EA14C64399EA}.Debug|Any CPU.Build.0 = Debug|Any CPU
		{17F1085F-35AB-4CD0-94B8-EA14C64399EA}.Release|Any CPU.ActiveCfg = Release|Any CPU
		{17F1085F-35AB-4CD0-94B8-EA14C64399EA}.Release|Any CPU.Build.0 = Release|Any CPU
		{799650A3-B4C4-4D66-B533-48318DA8171D}.Debug|Any CPU.ActiveCfg = Debug|Any CPU
		{799650A3-B4C4-4D66-B533-48318DA8171D}.Debug|Any CPU.Build.0 = Debug|Any CPU
		{799650A3-B4C4-4D66-B533-48318DA8171D}.Release|Any CPU.ActiveCfg = Release|Any CPU
		{799650A3-B4C4-4D66-B533-48318DA8171D}.Release|Any CPU.Build.0 = Release|Any CPU
		{3B08CCC9-F589-4BDF-BC44-15B457B910AE}.Debug|Any CPU.ActiveCfg = Debug|Any CPU
		{3B08CCC9-F589-4BDF-BC44-15B457B910AE}.Debug|Any CPU.Build.0 = Debug|Any CPU
		{3B08CCC9-F589-4BDF-BC44-15B457B910AE}.Release|Any CPU.ActiveCfg = Release|Any CPU
		{3B08CCC9-F589-4BDF-BC44-15B457B910AE}.Release|Any CPU.Build.0 = Release|Any CPU
		{BA5BF3A5-E879-45A2-9F6D-EF823C1A5D44}.Debug|Any CPU.ActiveCfg = Debug|Any CPU
		{BA5BF3A5-E879-45A2-9F6D-EF823C1A5D44}.Debug|Any CPU.Build.0 = Debug|Any CPU
		{BA5BF3A5-E879-45A2-9F6D-EF823C1A5D44}.Release|Any CPU.ActiveCfg = Release|Any CPU
		{BA5BF3A5-E879-45A2-9F6D-EF823C1A5D44}.Release|Any CPU.Build.0 = Release|Any CPU
	EndGlobalSection
	GlobalSection(SolutionProperties) = preSolution
		HideSolutionNode = FALSE
	EndGlobalSection
	GlobalSection(NestedProjects) = preSolution
		{1451C979-2F1E-4274-9F67-2BB50B9F8897} = {030477FA-CAE0-493F-B3C2-F7C2C547B8A0}
		{8B52CE8B-5E99-4BB2-9166-63ED2F1803D5} = {0D322C5F-6F84-42C4-8C5C-F4CE16E31B45}
		{17F1085F-35AB-4CD0-94B8-EA14C64399EA} = {04275AE6-B436-417F-BA79-F6153FED8E5A}
		{799650A3-B4C4-4D66-B533-48318DA8171D} = {04275AE6-B436-417F-BA79-F6153FED8E5A}
		{3B08CCC9-F589-4BDF-BC44-15B457B910AE} = {04275AE6-B436-417F-BA79-F6153FED8E5A}
		{BA5BF3A5-E879-45A2-9F6D-EF823C1A5D44} = {04275AE6-B436-417F-BA79-F6153FED8E5A}
	EndGlobalSection
	GlobalSection(ExtensibilityGlobals) = postSolution
		SolutionGuid = {CA927D84-054F-4F04-85EA-E4D0705C3EA6}
	EndGlobalSection
EndGlobal
